// !$*UTF8*$!
{
	archiveVersion = 1;
	classes = {
	};
	objectVersion = 46;
	objects = {

/* Begin PBXBuildFile section */
		7EB2D83E1C6E563F00D165C2 /* SettingsViewController.swift in Sources */ = {isa = PBXBuildFile; fileRef = 7EB2D83D1C6E563F00D165C2 /* SettingsViewController.swift */; };
		7EF257BC1C6D0281003038FA /* AppDelegate.swift in Sources */ = {isa = PBXBuildFile; fileRef = 7EF257BB1C6D0281003038FA /* AppDelegate.swift */; };
		7EF257BE1C6D0281003038FA /* ProblemsViewController.swift in Sources */ = {isa = PBXBuildFile; fileRef = 7EF257BD1C6D0281003038FA /* ProblemsViewController.swift */; };
		7EF257C01C6D0281003038FA /* HistoryViewController.swift in Sources */ = {isa = PBXBuildFile; fileRef = 7EF257BF1C6D0281003038FA /* HistoryViewController.swift */; };
		7EF257C31C6D0281003038FA /* Main.storyboard in Resources */ = {isa = PBXBuildFile; fileRef = 7EF257C11C6D0281003038FA /* Main.storyboard */; };
		7EF257C51C6D0281003038FA /* Assets.xcassets in Resources */ = {isa = PBXBuildFile; fileRef = 7EF257C41C6D0281003038FA /* Assets.xcassets */; };
		7EF257C81C6D0281003038FA /* LaunchScreen.storyboard in Resources */ = {isa = PBXBuildFile; fileRef = 7EF257C61C6D0281003038FA /* LaunchScreen.storyboard */; };
		7EF257F21C6D0F1E003038FA /* MathTeacher.swift in Sources */ = {isa = PBXBuildFile; fileRef = 7EF257F11C6D0F1E003038FA /* MathTeacher.swift */; };
		933AE1381C7266E300E08FA1 /* Clock-25.png in Resources */ = {isa = PBXBuildFile; fileRef = 933AE1371C7266E300E08FA1 /* Clock-25.png */; };
		933AE13A1C7266EF00E08FA1 /* Settings 3 Filled-25.png in Resources */ = {isa = PBXBuildFile; fileRef = 933AE1391C7266EF00E08FA1 /* Settings 3 Filled-25.png */; };
		933AE13C1C7266F600E08FA1 /* Math-25.png in Resources */ = {isa = PBXBuildFile; fileRef = 933AE13B1C7266F600E08FA1 /* Math-25.png */; };
/* End PBXBuildFile section */

/* Begin PBXContainerItemProxy section */
		7EF257CF1C6D0281003038FA /* PBXContainerItemProxy */ = {
			isa = PBXContainerItemProxy;
			containerPortal = 7EF257B01C6D0281003038FA /* Project object */;
			proxyType = 1;
			remoteGlobalIDString = 7EF257B71C6D0281003038FA;
			remoteInfo = "A Tabberific Assignment!";
		};
		7EF257DA1C6D0281003038FA /* PBXContainerItemProxy */ = {
			isa = PBXContainerItemProxy;
			containerPortal = 7EF257B01C6D0281003038FA /* Project object */;
			proxyType = 1;
			remoteGlobalIDString = 7EF257B71C6D0281003038FA;
			remoteInfo = "A Tabberific Assignment!";
		};
/* End PBXContainerItemProxy section */

/* Begin PBXFileReference section */
		7EB2D83D1C6E563F00D165C2 /* SettingsViewController.swift */ = {isa = PBXFileReference; fileEncoding = 4; lastKnownFileType = sourcecode.swift; path = SettingsViewController.swift; sourceTree = "<group>"; };
		7EB2D83F1C6E5A8A00D165C2 /* MyPlayground.playground */ = {isa = PBXFileReference; lastKnownFileType = file.playground; path = MyPlayground.playground; sourceTree = "<group>"; };
		7EF257B81C6D0281003038FA /* A Math Teacher.app */ = {isa = PBXFileReference; explicitFileType = wrapper.application; includeInIndex = 0; path = "A Math Teacher.app"; sourceTree = BUILT_PRODUCTS_DIR; };
		7EF257BB1C6D0281003038FA /* AppDelegate.swift */ = {isa = PBXFileReference; lastKnownFileType = sourcecode.swift; path = AppDelegate.swift; sourceTree = "<group>"; };
		7EF257BD1C6D0281003038FA /* ProblemsViewController.swift */ = {isa = PBXFileReference; lastKnownFileType = sourcecode.swift; path = ProblemsViewController.swift; sourceTree = "<group>"; };
		7EF257BF1C6D0281003038FA /* HistoryViewController.swift */ = {isa = PBXFileReference; lastKnownFileType = sourcecode.swift; path = HistoryViewController.swift; sourceTree = "<group>"; };
		7EF257C21C6D0281003038FA /* Base */ = {isa = PBXFileReference; lastKnownFileType = file.storyboard; name = Base; path = Base.lproj/Main.storyboard; sourceTree = "<group>"; };
		7EF257C41C6D0281003038FA /* Assets.xcassets */ = {isa = PBXFileReference; lastKnownFileType = folder.assetcatalog; path = Assets.xcassets; sourceTree = "<group>"; };
		7EF257C71C6D0281003038FA /* Base */ = {isa = PBXFileReference; lastKnownFileType = file.storyboard; name = Base; path = Base.lproj/LaunchScreen.storyboard; sourceTree = "<group>"; };
		7EF257C91C6D0281003038FA /* Info.plist */ = {isa = PBXFileReference; lastKnownFileType = text.plist.xml; path = Info.plist; sourceTree = "<group>"; };
		7EF257CE1C6D0281003038FA /* A Math TeacherTests.xctest */ = {isa = PBXFileReference; explicitFileType = wrapper.cfbundle; includeInIndex = 0; path = "A Math TeacherTests.xctest"; sourceTree = BUILT_PRODUCTS_DIR; };
		7EF257D91C6D0281003038FA /* A Math TeacherUITests.xctest */ = {isa = PBXFileReference; explicitFileType = wrapper.cfbundle; includeInIndex = 0; path = "A Math TeacherUITests.xctest"; sourceTree = BUILT_PRODUCTS_DIR; };
		7EF257F11C6D0F1E003038FA /* MathTeacher.swift */ = {isa = PBXFileReference; fileEncoding = 4; lastKnownFileType = sourcecode.swift; name = MathTeacher.swift; path = ../MathTeacher.swift; sourceTree = "<group>"; };
		933AE1371C7266E300E08FA1 /* Clock-25.png */ = {isa = PBXFileReference; lastKnownFileType = image.png; path = "Clock-25.png"; sourceTree = "<group>"; };
		933AE1391C7266EF00E08FA1 /* Settings 3 Filled-25.png */ = {isa = PBXFileReference; lastKnownFileType = image.png; path = "Settings 3 Filled-25.png"; sourceTree = "<group>"; };
		933AE13B1C7266F600E08FA1 /* Math-25.png */ = {isa = PBXFileReference; lastKnownFileType = image.png; path = "Math-25.png"; sourceTree = "<group>"; };
/* End PBXFileReference section */

/* Begin PBXFrameworksBuildPhase section */
		7EF257B51C6D0281003038FA /* Frameworks */ = {
			isa = PBXFrameworksBuildPhase;
			buildActionMask = 2147483647;
			files = (
			);
			runOnlyForDeploymentPostprocessing = 0;
		};
		7EF257CB1C6D0281003038FA /* Frameworks */ = {
			isa = PBXFrameworksBuildPhase;
			buildActionMask = 2147483647;
			files = (
			);
			runOnlyForDeploymentPostprocessing = 0;
		};
		7EF257D61C6D0281003038FA /* Frameworks */ = {
			isa = PBXFrameworksBuildPhase;
			buildActionMask = 2147483647;
			files = (
			);
			runOnlyForDeploymentPostprocessing = 0;
		};
/* End PBXFrameworksBuildPhase section */

/* Begin PBXGroup section */
		7EF257AF1C6D0281003038FA = {
			isa = PBXGroup;
			children = (
				7EB2D83F1C6E5A8A00D165C2 /* MyPlayground.playground */,
				7EF257BA1C6D0281003038FA /* A Math Teacher */,
				7EF257B91C6D0281003038FA /* Products */,
			);
			sourceTree = "<group>";
		};
		7EF257B91C6D0281003038FA /* Products */ = {
			isa = PBXGroup;
			children = (
				7EF257B81C6D0281003038FA /* A Math Teacher.app */,
				7EF257CE1C6D0281003038FA /* A Math TeacherTests.xctest */,
				7EF257D91C6D0281003038FA /* A Math TeacherUITests.xctest */,
			);
			name = Products;
			sourceTree = "<group>";
		};
		7EF257BA1C6D0281003038FA /* A Math Teacher */ = {
			isa = PBXGroup;
			children = (
				7EF257BB1C6D0281003038FA /* AppDelegate.swift */,
				7EF257BD1C6D0281003038FA /* ProblemsViewController.swift */,
				7EF257BF1C6D0281003038FA /* HistoryViewController.swift */,
				7EF257F11C6D0F1E003038FA /* MathTeacher.swift */,
				7EF257C11C6D0281003038FA /* Main.storyboard */,
				7EF257C41C6D0281003038FA /* Assets.xcassets */,
				7EF257C61C6D0281003038FA /* LaunchScreen.storyboard */,
				7EF257C91C6D0281003038FA /* Info.plist */,
				7EB2D83D1C6E563F00D165C2 /* SettingsViewController.swift */,
				933AE1371C7266E300E08FA1 /* Clock-25.png */,
				933AE13B1C7266F600E08FA1 /* Math-25.png */,
				933AE1391C7266EF00E08FA1 /* Settings 3 Filled-25.png */,
			);
			name = "A Math Teacher";
			path = "A Tabberific Assignment!";
			sourceTree = "<group>";
		};
/* End PBXGroup section */

/* Begin PBXNativeTarget section */
		7EF257B71C6D0281003038FA /* A Math Teacher */ = {
			isa = PBXNativeTarget;
			buildConfigurationList = 7EF257E21C6D0281003038FA /* Build configuration list for PBXNativeTarget "A Math Teacher" */;
			buildPhases = (
				7EF257B41C6D0281003038FA /* Sources */,
				7EF257B51C6D0281003038FA /* Frameworks */,
				7EF257B61C6D0281003038FA /* Resources */,
			);
			buildRules = (
			);
			dependencies = (
			);
			name = "A Math Teacher";
			productName = "A Tabberific Assignment!";
			productReference = 7EF257B81C6D0281003038FA /* A Math Teacher.app */;
			productType = "com.apple.product-type.application";
		};
		7EF257CD1C6D0281003038FA /* A Math TeacherTests */ = {
			isa = PBXNativeTarget;
			buildConfigurationList = 7EF257E51C6D0281003038FA /* Build configuration list for PBXNativeTarget "A Math TeacherTests" */;
			buildPhases = (
				7EF257CA1C6D0281003038FA /* Sources */,
				7EF257CB1C6D0281003038FA /* Frameworks */,
				7EF257CC1C6D0281003038FA /* Resources */,
			);
			buildRules = (
			);
			dependencies = (
				7EF257D01C6D0281003038FA /* PBXTargetDependency */,
			);
			name = "A Math TeacherTests";
			productName = "A Tabberific Assignment!Tests";
			productReference = 7EF257CE1C6D0281003038FA /* A Math TeacherTests.xctest */;
			productType = "com.apple.product-type.bundle.unit-test";
		};
		7EF257D81C6D0281003038FA /* A Math TeacherUITests */ = {
			isa = PBXNativeTarget;
			buildConfigurationList = 7EF257E81C6D0281003038FA /* Build configuration list for PBXNativeTarget "A Math TeacherUITests" */;
			buildPhases = (
				7EF257D51C6D0281003038FA /* Sources */,
				7EF257D61C6D0281003038FA /* Frameworks */,
				7EF257D71C6D0281003038FA /* Resources */,
			);
			buildRules = (
			);
			dependencies = (
				7EF257DB1C6D0281003038FA /* PBXTargetDependency */,
			);
			name = "A Math TeacherUITests";
			productName = "A Tabberific Assignment!UITests";
			productReference = 7EF257D91C6D0281003038FA /* A Math TeacherUITests.xctest */;
			productType = "com.apple.product-type.bundle.ui-testing";
		};
/* End PBXNativeTarget section */

/* Begin PBXProject section */
		7EF257B01C6D0281003038FA /* Project object */ = {
			isa = PBXProject;
			attributes = {
				LastSwiftUpdateCheck = 0720;
				LastUpgradeCheck = 0720;
				ORGANIZATIONNAME = "Alle,Sai Teja";
				TargetAttributes = {
					7EF257B71C6D0281003038FA = {
						CreatedOnToolsVersion = 7.2;
						LastSwiftMigration = 0820;
					};
					7EF257CD1C6D0281003038FA = {
						CreatedOnToolsVersion = 7.2;
						LastSwiftMigration = 0820;
						TestTargetID = 7EF257B71C6D0281003038FA;
					};
					7EF257D81C6D0281003038FA = {
						CreatedOnToolsVersion = 7.2;
						LastSwiftMigration = 0820;
						TestTargetID = 7EF257B71C6D0281003038FA;
					};
				};
			};
			buildConfigurationList = 7EF257B31C6D0281003038FA /* Build configuration list for PBXProject "A Math Teacher" */;
			compatibilityVersion = "Xcode 3.2";
			developmentRegion = English;
			hasScannedForEncodings = 0;
			knownRegions = (
				en,
				Base,
			);
			mainGroup = 7EF257AF1C6D0281003038FA;
			productRefGroup = 7EF257B91C6D0281003038FA /* Products */;
			projectDirPath = "";
			projectRoot = "";
			targets = (
				7EF257B71C6D0281003038FA /* A Math Teacher */,
				7EF257CD1C6D0281003038FA /* A Math TeacherTests */,
				7EF257D81C6D0281003038FA /* A Math TeacherUITests */,
			);
		};
/* End PBXProject section */

/* Begin PBXResourcesBuildPhase section */
		7EF257B61C6D0281003038FA /* Resources */ = {
			isa = PBXResourcesBuildPhase;
			buildActionMask = 2147483647;
			files = (
				933AE13A1C7266EF00E08FA1 /* Settings 3 Filled-25.png in Resources */,
				7EF257C81C6D0281003038FA /* LaunchScreen.storyboard in Resources */,
				7EF257C51C6D0281003038FA /* Assets.xcassets in Resources */,
				7EF257C31C6D0281003038FA /* Main.storyboard in Resources */,
				933AE13C1C7266F600E08FA1 /* Math-25.png in Resources */,
				933AE1381C7266E300E08FA1 /* Clock-25.png in Resources */,
			);
			runOnlyForDeploymentPostprocessing = 0;
		};
		7EF257CC1C6D0281003038FA /* Resources */ = {
			isa = PBXResourcesBuildPhase;
			buildActionMask = 2147483647;
			files = (
			);
			runOnlyForDeploymentPostprocessing = 0;
		};
		7EF257D71C6D0281003038FA /* Resources */ = {
			isa = PBXResourcesBuildPhase;
			buildActionMask = 2147483647;
			files = (
			);
			runOnlyForDeploymentPostprocessing = 0;
		};
/* End PBXResourcesBuildPhase section */

/* Begin PBXSourcesBuildPhase section */
		7EF257B41C6D0281003038FA /* Sources */ = {
			isa = PBXSourcesBuildPhase;
			buildActionMask = 2147483647;
			files = (
				7EF257F21C6D0F1E003038FA /* MathTeacher.swift in Sources */,
				7EF257C01C6D0281003038FA /* HistoryViewController.swift in Sources */,
				7EF257BC1C6D0281003038FA /* AppDelegate.swift in Sources */,
				7EB2D83E1C6E563F00D165C2 /* SettingsViewController.swift in Sources */,
				7EF257BE1C6D0281003038FA /* ProblemsViewController.swift in Sources */,
			);
			runOnlyForDeploymentPostprocessing = 0;
		};
		7EF257CA1C6D0281003038FA /* Sources */ = {
			isa = PBXSourcesBuildPhase;
			buildActionMask = 2147483647;
			files = (
			);
			runOnlyForDeploymentPostprocessing = 0;
		};
		7EF257D51C6D0281003038FA /* Sources */ = {
			isa = PBXSourcesBuildPhase;
			buildActionMask = 2147483647;
			files = (
			);
			runOnlyForDeploymentPostprocessing = 0;
		};
/* End PBXSourcesBuildPhase section */

/* Begin PBXTargetDependency section */
		7EF257D01C6D0281003038FA /* PBXTargetDependency */ = {
			isa = PBXTargetDependency;
			target = 7EF257B71C6D0281003038FA /* A Math Teacher */;
			targetProxy = 7EF257CF1C6D0281003038FA /* PBXContainerItemProxy */;
		};
		7EF257DB1C6D0281003038FA /* PBXTargetDependency */ = {
			isa = PBXTargetDependency;
			target = 7EF257B71C6D0281003038FA /* A Math Teacher */;
			targetProxy = 7EF257DA1C6D0281003038FA /* PBXContainerItemProxy */;
		};
/* End PBXTargetDependency section */

/* Begin PBXVariantGroup section */
		7EF257C11C6D0281003038FA /* Main.storyboard */ = {
			isa = PBXVariantGroup;
			children = (
				7EF257C21C6D0281003038FA /* Base */,
			);
			name = Main.storyboard;
			sourceTree = "<group>";
		};
		7EF257C61C6D0281003038FA /* LaunchScreen.storyboard */ = {
			isa = PBXVariantGroup;
			children = (
				7EF257C71C6D0281003038FA /* Base */,
			);
			name = LaunchScreen.storyboard;
			sourceTree = "<group>";
		};
/* End PBXVariantGroup section */

/* Begin XCBuildConfiguration section */
		7EF257E01C6D0281003038FA /* Debug */ = {
			isa = XCBuildConfiguration;
			buildSettings = {
				ALWAYS_SEARCH_USER_PATHS = NO;
				CLANG_CXX_LANGUAGE_STANDARD = "gnu++0x";
				CLANG_CXX_LIBRARY = "libc++";
				CLANG_ENABLE_MODULES = YES;
				CLANG_ENABLE_OBJC_ARC = YES;
				CLANG_WARN_BOOL_CONVERSION = YES;
				CLANG_WARN_CONSTANT_CONVERSION = YES;
				CLANG_WARN_DIRECT_OBJC_ISA_USAGE = YES_ERROR;
				CLANG_WARN_EMPTY_BODY = YES;
				CLANG_WARN_ENUM_CONVERSION = YES;
				CLANG_WARN_INT_CONVERSION = YES;
				CLANG_WARN_OBJC_ROOT_CLASS = YES_ERROR;
				CLANG_WARN_UNREACHABLE_CODE = YES;
				CLANG_WARN__DUPLICATE_METHOD_MATCH = YES;
				"CODE_SIGN_IDENTITY[sdk=iphoneos*]" = "iPhone Developer";
				COPY_PHASE_STRIP = NO;
				DEBUG_INFORMATION_FORMAT = dwarf;
				ENABLE_STRICT_OBJC_MSGSEND = YES;
				ENABLE_TESTABILITY = YES;
				GCC_C_LANGUAGE_STANDARD = gnu99;
				GCC_DYNAMIC_NO_PIC = NO;
				GCC_NO_COMMON_BLOCKS = YES;
				GCC_OPTIMIZATION_LEVEL = 0;
				GCC_PREPROCESSOR_DEFINITIONS = (
					"DEBUG=1",
					"$(inherited)",
				);
				GCC_WARN_64_TO_32_BIT_CONVERSION = YES;
				GCC_WARN_ABOUT_RETURN_TYPE = YES_ERROR;
				GCC_WARN_UNDECLARED_SELECTOR = YES;
				GCC_WARN_UNINITIALIZED_AUTOS = YES_AGGRESSIVE;
				GCC_WARN_UNUSED_FUNCTION = YES;
				GCC_WARN_UNUSED_VARIABLE = YES;
				IPHONEOS_DEPLOYMENT_TARGET = 9.2;
				MTL_ENABLE_DEBUG_INFO = YES;
				ONLY_ACTIVE_ARCH = YES;
				SDKROOT = iphoneos;
				SWIFT_OPTIMIZATION_LEVEL = "-Onone";
				TARGETED_DEVICE_FAMILY = "1,2";
			};
			name = Debug;
		};
		7EF257E11C6D0281003038FA /* Release */ = {
			isa = XCBuildConfiguration;
			buildSettings = {
				ALWAYS_SEARCH_USER_PATHS = NO;
				CLANG_CXX_LANGUAGE_STANDARD = "gnu++0x";
				CLANG_CXX_LIBRARY = "libc++";
				CLANG_ENABLE_MODULES = YES;
				CLANG_ENABLE_OBJC_ARC = YES;
				CLANG_WARN_BOOL_CONVERSION = YES;
				CLANG_WARN_CONSTANT_CONVERSION = YES;
				CLANG_WARN_DIRECT_OBJC_ISA_USAGE = YES_ERROR;
				CLANG_WARN_EMPTY_BODY = YES;
				CLANG_WARN_ENUM_CONVERSION = YES;
				CLANG_WARN_INT_CONVERSION = YES;
				CLANG_WARN_OBJC_ROOT_CLASS = YES_ERROR;
				CLANG_WARN_UNREACHABLE_CODE = YES;
				CLANG_WARN__DUPLICATE_METHOD_MATCH = YES;
				"CODE_SIGN_IDENTITY[sdk=iphoneos*]" = "iPhone Developer";
				COPY_PHASE_STRIP = NO;
				DEBUG_INFORMATION_FORMAT = "dwarf-with-dsym";
				ENABLE_NS_ASSERTIONS = NO;
				ENABLE_STRICT_OBJC_MSGSEND = YES;
				GCC_C_LANGUAGE_STANDARD = gnu99;
				GCC_NO_COMMON_BLOCKS = YES;
				GCC_WARN_64_TO_32_BIT_CONVERSION = YES;
				GCC_WARN_ABOUT_RETURN_TYPE = YES_ERROR;
				GCC_WARN_UNDECLARED_SELECTOR = YES;
				GCC_WARN_UNINITIALIZED_AUTOS = YES_AGGRESSIVE;
				GCC_WARN_UNUSED_FUNCTION = YES;
				GCC_WARN_UNUSED_VARIABLE = YES;
				IPHONEOS_DEPLOYMENT_TARGET = 9.2;
				MTL_ENABLE_DEBUG_INFO = NO;
				SDKROOT = iphoneos;
				TARGETED_DEVICE_FAMILY = "1,2";
				VALIDATE_PRODUCT = YES;
			};
			name = Release;
		};
		7EF257E31C6D0281003038FA /* Debug */ = {
			isa = XCBuildConfiguration;
			buildSettings = {
				ASSETCATALOG_COMPILER_APPICON_NAME = AppIcon;
				INFOPLIST_FILE = "A Tabberific Assignment!/Info.plist";
				LD_RUNPATH_SEARCH_PATHS = "$(inherited) @executable_path/Frameworks";
				PRODUCT_BUNDLE_IDENTIFIER = "edu.nwmissouri.A-Tabberific-Assignment-";
				PRODUCT_NAME = "$(TARGET_NAME)";
				SWIFT_VERSION = 3.0;
			};
			name = Debug;
		};
		7EF257E41C6D0281003038FA /* Release */ = {
			isa = XCBuildConfiguration;
			buildSettings = {
				ASSETCATALOG_COMPILER_APPICON_NAME = AppIcon;
				INFOPLIST_FILE = "A Tabberific Assignment!/Info.plist";
				LD_RUNPATH_SEARCH_PATHS = "$(inherited) @executable_path/Frameworks";
				PRODUCT_BUNDLE_IDENTIFIER = "edu.nwmissouri.A-Tabberific-Assignment-";
				PRODUCT_NAME = "$(TARGET_NAME)";
				SWIFT_VERSION = 3.0;
			};
			name = Release;
		};
		7EF257E61C6D0281003038FA /* Debug */ = {
			isa = XCBuildConfiguration;
			buildSettings = {
				BUNDLE_LOADER = "$(TEST_HOST)";
				INFOPLIST_FILE = "A Tabberific Assignment!Tests/Info.plist";
				LD_RUNPATH_SEARCH_PATHS = "$(inherited) @executable_path/Frameworks @loader_path/Frameworks";
				PRODUCT_BUNDLE_IDENTIFIER = "edu.nwmissouri.A-Tabberific-Assignment-Tests";
				PRODUCT_NAME = "$(TARGET_NAME)";
				SWIFT_VERSION = 3.0;
				TEST_HOST = "$(BUILT_PRODUCTS_DIR)/A Math Teacher.app/A Math Teacher";
			};
			name = Debug;
		};
		7EF257E71C6D0281003038FA /* Release */ = {
			isa = XCBuildConfiguration;
			buildSettings = {
				BUNDLE_LOADER = "$(TEST_HOST)";
				INFOPLIST_FILE = "A Tabberific Assignment!Tests/Info.plist";
				LD_RUNPATH_SEARCH_PATHS = "$(inherited) @executable_path/Frameworks @loader_path/Frameworks";
				PRODUCT_BUNDLE_IDENTIFIER = "edu.nwmissouri.A-Tabberific-Assignment-Tests";
				PRODUCT_NAME = "$(TARGET_NAME)";
				SWIFT_VERSION = 3.0;
				TEST_HOST = "$(BUILT_PRODUCTS_DIR)/A Math Teacher.app/A Math Teacher";
			};
			name = Release;
		};
		7EF257E91C6D0281003038FA /* Debug */ = {
			isa = XCBuildConfiguration;
			buildSettings = {
				INFOPLIST_FILE = "A Tabberific Assignment!UITests/Info.plist";
				LD_RUNPATH_SEARCH_PATHS = "$(inherited) @executable_path/Frameworks @loader_path/Frameworks";
				PRODUCT_BUNDLE_IDENTIFIER = "edu.nwmissouri.A-Tabberific-Assignment-UITests";
				PRODUCT_NAME = "$(TARGET_NAME)";
				SWIFT_VERSION = 3.0;
				TEST_TARGET_NAME = "A Tabberific Assignment!";
				USES_XCTRUNNER = YES;
			};
			name = Debug;
		};
		7EF257EA1C6D0281003038FA /* Release */ = {
			isa = XCBuildConfiguration;
			buildSettings = {
				INFOPLIST_FILE = "A Tabberific Assignment!UITests/Info.plist";
				LD_RUNPATH_SEARCH_PATHS = "$(inherited) @executable_path/Frameworks @loader_path/Frameworks";
				PRODUCT_BUNDLE_IDENTIFIER = "edu.nwmissouri.A-Tabberific-Assignment-UITests";
				PRODUCT_NAME = "$(TARGET_NAME)";
				SWIFT_VERSION = 3.0;
				TEST_TARGET_NAME = "A Tabberific Assignment!";
				USES_XCTRUNNER = YES;
			};
			name = Release;
		};
/* End XCBuildConfiguration section */

/* Begin XCConfigurationList section */
		7EF257B31C6D0281003038FA /* Build configuration list for PBXProject "A Math Teacher" */ = {
			isa = XCConfigurationList;
			buildConfigurations = (
				7EF257E01C6D0281003038FA /* Debug */,
				7EF257E11C6D0281003038FA /* Release */,
			);
			defaultConfigurationIsVisible = 0;
			defaultConfigurationName = Release;
		};
		7EF257E21C6D0281003038FA /* Build configuration list for PBXNativeTarget "A Math Teacher" */ = {
			isa = XCConfigurationList;
			buildConfigurations = (
				7EF257E31C6D0281003038FA /* Debug */,
				7EF257E41C6D0281003038FA /* Release */,
			);
			defaultConfigurationIsVisible = 0;
			defaultConfigurationName = Release;
		};
		7EF257E51C6D0281003038FA /* Build configuration list for PBXNativeTarget "A Math TeacherTests" */ = {
			isa = XCConfigurationList;
			buildConfigurations = (
				7EF257E61C6D0281003038FA /* Debug */,
				7EF257E71C6D0281003038FA /* Release */,
			);
			defaultConfigurationIsVisible = 0;
			defaultConfigurationName = Release;
		};
		7EF257E81C6D0281003038FA /* Build configuration list for PBXNativeTarget "A Math TeacherUITests" */ = {
			isa = XCConfigurationList;
			buildConfigurations = (
				7EF257E91C6D0281003038FA /* Debug */,
				7EF257EA1C6D0281003038FA /* Release */,
			);
			defaultConfigurationIsVisible = 0;
			defaultConfigurationName = Release;
		};
/* End XCConfigurationList section */
	};
	rootObject = 7EF257B01C6D0281003038FA /* Project object */;
}
